// !$*UTF8*$!
{
	archiveVersion = 1;
	classes = {
	};
	objectVersion = 46;
	objects = {

/* Begin PBXBuildFile section */
		5635D1D01A866ECB00EC1871 /* .gitignore in Resources */ = {isa = PBXBuildFile; fileRef = 5635D1CF1A866ECB00EC1871 /* .gitignore */; };
		631AAB321A85CE81007EEA09 /* ColorViewController.swift in Sources */ = {isa = PBXBuildFile; fileRef = 631AAB311A85CE81007EEA09 /* ColorViewController.swift */; };
		7002A6141A85C5EA00CD29BE /* AppDelegate.swift in Sources */ = {isa = PBXBuildFile; fileRef = 7002A6131A85C5EA00CD29BE /* AppDelegate.swift */; };
		7002A6191A85C5EA00CD29BE /* Main.storyboard in Resources */ = {isa = PBXBuildFile; fileRef = 7002A6171A85C5EA00CD29BE /* Main.storyboard */; };
		7002A61B1A85C5EA00CD29BE /* Images.xcassets in Resources */ = {isa = PBXBuildFile; fileRef = 7002A61A1A85C5EA00CD29BE /* Images.xcassets */; };
		7002A61E1A85C5EA00CD29BE /* LaunchScreen.xib in Resources */ = {isa = PBXBuildFile; fileRef = 7002A61C1A85C5EA00CD29BE /* LaunchScreen.xib */; };
		7002A62A1A85C5EA00CD29BE /* HotColdTests.swift in Sources */ = {isa = PBXBuildFile; fileRef = 7002A6291A85C5EA00CD29BE /* HotColdTests.swift */; };
		7014A7E51A869EAB0039A435 /* SharedLocation.swift in Sources */ = {isa = PBXBuildFile; fileRef = 7014A7E41A869EAB0039A435 /* SharedLocation.swift */; };
		704FA1341DD4412A00FB4CDB /* HotColdModel.swift in Sources */ = {isa = PBXBuildFile; fileRef = 704FA1331DD4412A00FB4CDB /* HotColdModel.swift */; };
		707EE92C1ACF8C51007CB4C9 /* bkg.png in Resources */ = {isa = PBXBuildFile; fileRef = 707EE92B1ACF8C51007CB4C9 /* bkg.png */; };
		70A34A251A86865F00559232 /* MainViewController.swift in Sources */ = {isa = PBXBuildFile; fileRef = 70A34A241A86865F00559232 /* MainViewController.swift */; };
		70D2A57F1DD57932006BA8ED /* SwiftyBeaver.framework in Frameworks */ = {isa = PBXBuildFile; fileRef = 7045DA881DD56E8A0002E1B6 /* SwiftyBeaver.framework */; };
		858EBBAF200D91BE008ACD22 /* HotColdUITests.swift in Sources */ = {isa = PBXBuildFile; fileRef = 858EBBAE200D91BE008ACD22 /* HotColdUITests.swift */; };
		858EBBB7200D93DC008ACD22 /* SnapshotHelper.swift in Sources */ = {isa = PBXBuildFile; fileRef = 858EBBB6200D93DC008ACD22 /* SnapshotHelper.swift */; };
/* End PBXBuildFile section */

/* Begin PBXContainerItemProxy section */
		7002A6241A85C5EA00CD29BE /* PBXContainerItemProxy */ = {
			isa = PBXContainerItemProxy;
			containerPortal = 7002A6061A85C5EA00CD29BE /* Project object */;
			proxyType = 1;
			remoteGlobalIDString = 7002A60D1A85C5EA00CD29BE;
			remoteInfo = HotCold;
		};
		858EBBB1200D91BE008ACD22 /* PBXContainerItemProxy */ = {
			isa = PBXContainerItemProxy;
			containerPortal = 7002A6061A85C5EA00CD29BE /* Project object */;
			proxyType = 1;
			remoteGlobalIDString = 7002A60D1A85C5EA00CD29BE;
			remoteInfo = HotCold;
		};
/* End PBXContainerItemProxy section */

/* Begin PBXFileReference section */
		5635D1CF1A866ECB00EC1871 /* .gitignore */ = {isa = PBXFileReference; fileEncoding = 4; lastKnownFileType = text; path = .gitignore; sourceTree = "<group>"; };
		631AAB311A85CE81007EEA09 /* ColorViewController.swift */ = {isa = PBXFileReference; fileEncoding = 4; lastKnownFileType = sourcecode.swift; path = ColorViewController.swift; sourceTree = "<group>"; };
		7002A60E1A85C5EA00CD29BE /* HotCold.app */ = {isa = PBXFileReference; explicitFileType = wrapper.application; includeInIndex = 0; path = HotCold.app; sourceTree = BUILT_PRODUCTS_DIR; };
		7002A6121A85C5EA00CD29BE /* Info.plist */ = {isa = PBXFileReference; lastKnownFileType = text.plist.xml; path = Info.plist; sourceTree = "<group>"; };
		7002A6131A85C5EA00CD29BE /* AppDelegate.swift */ = {isa = PBXFileReference; lastKnownFileType = sourcecode.swift; path = AppDelegate.swift; sourceTree = "<group>"; };
		7002A6181A85C5EA00CD29BE /* Base */ = {isa = PBXFileReference; lastKnownFileType = file.storyboard; name = Base; path = Base.lproj/Main.storyboard; sourceTree = "<group>"; };
		7002A61A1A85C5EA00CD29BE /* Images.xcassets */ = {isa = PBXFileReference; lastKnownFileType = folder.assetcatalog; path = Images.xcassets; sourceTree = "<group>"; };
		7002A61D1A85C5EA00CD29BE /* Base */ = {isa = PBXFileReference; lastKnownFileType = file.xib; name = Base; path = Base.lproj/LaunchScreen.xib; sourceTree = "<group>"; };
		7002A6231A85C5EA00CD29BE /* HotColdTests.xctest */ = {isa = PBXFileReference; explicitFileType = wrapper.cfbundle; includeInIndex = 0; path = HotColdTests.xctest; sourceTree = BUILT_PRODUCTS_DIR; };
		7002A6281A85C5EA00CD29BE /* Info.plist */ = {isa = PBXFileReference; lastKnownFileType = text.plist.xml; path = Info.plist; sourceTree = "<group>"; };
		7002A6291A85C5EA00CD29BE /* HotColdTests.swift */ = {isa = PBXFileReference; lastKnownFileType = sourcecode.swift; path = HotColdTests.swift; sourceTree = "<group>"; };
		7014A7E41A869EAB0039A435 /* SharedLocation.swift */ = {isa = PBXFileReference; fileEncoding = 4; lastKnownFileType = sourcecode.swift; path = SharedLocation.swift; sourceTree = "<group>"; };
		7045DA881DD56E8A0002E1B6 /* SwiftyBeaver.framework */ = {isa = PBXFileReference; lastKnownFileType = wrapper.framework; name = SwiftyBeaver.framework; path = Carthage/Build/iOS/SwiftyBeaver.framework; sourceTree = "<group>"; };
		704FA1331DD4412A00FB4CDB /* HotColdModel.swift */ = {isa = PBXFileReference; fileEncoding = 4; lastKnownFileType = sourcecode.swift; path = HotColdModel.swift; sourceTree = "<group>"; };
		707EE92B1ACF8C51007CB4C9 /* bkg.png */ = {isa = PBXFileReference; lastKnownFileType = image.png; path = bkg.png; sourceTree = "<group>"; };
		70A34A241A86865F00559232 /* MainViewController.swift */ = {isa = PBXFileReference; fileEncoding = 4; lastKnownFileType = sourcecode.swift; path = MainViewController.swift; sourceTree = "<group>"; };
		70B5BA261D93727200122AD8 /* SwiftyJSON.framework */ = {isa = PBXFileReference; lastKnownFileType = wrapper.framework; name = SwiftyJSON.framework; path = Carthage/Build/iOS/SwiftyJSON.framework; sourceTree = "<group>"; };
		858EBBAC200D91BE008ACD22 /* HotColdUITests.xctest */ = {isa = PBXFileReference; explicitFileType = wrapper.cfbundle; includeInIndex = 0; path = HotColdUITests.xctest; sourceTree = BUILT_PRODUCTS_DIR; };
		858EBBAE200D91BE008ACD22 /* HotColdUITests.swift */ = {isa = PBXFileReference; lastKnownFileType = sourcecode.swift; path = HotColdUITests.swift; sourceTree = "<group>"; };
		858EBBB0200D91BE008ACD22 /* Info.plist */ = {isa = PBXFileReference; lastKnownFileType = text.plist.xml; path = Info.plist; sourceTree = "<group>"; };
		858EBBB6200D93DC008ACD22 /* SnapshotHelper.swift */ = {isa = PBXFileReference; lastKnownFileType = sourcecode.swift; path = SnapshotHelper.swift; sourceTree = "<group>"; };
/* End PBXFileReference section */

/* Begin PBXFrameworksBuildPhase section */
		7002A60B1A85C5EA00CD29BE /* Frameworks */ = {
			isa = PBXFrameworksBuildPhase;
			buildActionMask = 2147483647;
			files = (
				70D2A57F1DD57932006BA8ED /* SwiftyBeaver.framework in Frameworks */,
			);
			runOnlyForDeploymentPostprocessing = 0;
		};
		7002A6201A85C5EA00CD29BE /* Frameworks */ = {
			isa = PBXFrameworksBuildPhase;
			buildActionMask = 2147483647;
			files = (
			);
			runOnlyForDeploymentPostprocessing = 0;
		};
		858EBBA9200D91BE008ACD22 /* Frameworks */ = {
			isa = PBXFrameworksBuildPhase;
			buildActionMask = 2147483647;
			files = (
			);
			runOnlyForDeploymentPostprocessing = 0;
		};
/* End PBXFrameworksBuildPhase section */

/* Begin PBXGroup section */
		7002A6051A85C5EA00CD29BE = {
			isa = PBXGroup;
			children = (
				7002A6101A85C5EA00CD29BE /* HotCold */,
				7002A6261A85C5EA00CD29BE /* HotColdTests */,
				858EBBAD200D91BE008ACD22 /* HotColdUITests */,
				7002A60F1A85C5EA00CD29BE /* Products */,
				5635D1CF1A866ECB00EC1871 /* .gitignore */,
				70B5BA251D93727100122AD8 /* Frameworks */,
			);
			sourceTree = "<group>";
		};
		7002A60F1A85C5EA00CD29BE /* Products */ = {
			isa = PBXGroup;
			children = (
				7002A60E1A85C5EA00CD29BE /* HotCold.app */,
				7002A6231A85C5EA00CD29BE /* HotColdTests.xctest */,
				858EBBAC200D91BE008ACD22 /* HotColdUITests.xctest */,
			);
			name = Products;
			sourceTree = "<group>";
		};
		7002A6101A85C5EA00CD29BE /* HotCold */ = {
			isa = PBXGroup;
			children = (
				707EE92B1ACF8C51007CB4C9 /* bkg.png */,
				7002A6131A85C5EA00CD29BE /* AppDelegate.swift */,
				631AAB311A85CE81007EEA09 /* ColorViewController.swift */,
				704FA1331DD4412A00FB4CDB /* HotColdModel.swift */,
				7014A7E41A869EAB0039A435 /* SharedLocation.swift */,
				7002A6171A85C5EA00CD29BE /* Main.storyboard */,
				70A34A241A86865F00559232 /* MainViewController.swift */,
				7002A61A1A85C5EA00CD29BE /* Images.xcassets */,
				7002A61C1A85C5EA00CD29BE /* LaunchScreen.xib */,
				7002A6111A85C5EA00CD29BE /* Supporting Files */,
			);
			path = HotCold;
			sourceTree = "<group>";
		};
		7002A6111A85C5EA00CD29BE /* Supporting Files */ = {
			isa = PBXGroup;
			children = (
				7002A6121A85C5EA00CD29BE /* Info.plist */,
			);
			name = "Supporting Files";
			sourceTree = "<group>";
		};
		7002A6261A85C5EA00CD29BE /* HotColdTests */ = {
			isa = PBXGroup;
			children = (
				7002A6291A85C5EA00CD29BE /* HotColdTests.swift */,
				7002A6271A85C5EA00CD29BE /* Supporting Files */,
			);
			path = HotColdTests;
			sourceTree = "<group>";
		};
		7002A6271A85C5EA00CD29BE /* Supporting Files */ = {
			isa = PBXGroup;
			children = (
				7002A6281A85C5EA00CD29BE /* Info.plist */,
			);
			name = "Supporting Files";
			sourceTree = "<group>";
		};
		70B5BA251D93727100122AD8 /* Frameworks */ = {
			isa = PBXGroup;
			children = (
				7045DA881DD56E8A0002E1B6 /* SwiftyBeaver.framework */,
				70B5BA261D93727200122AD8 /* SwiftyJSON.framework */,
			);
			name = Frameworks;
			sourceTree = "<group>";
		};
		858EBBAD200D91BE008ACD22 /* HotColdUITests */ = {
			isa = PBXGroup;
			children = (
				858EBBAE200D91BE008ACD22 /* HotColdUITests.swift */,
				858EBBB6200D93DC008ACD22 /* SnapshotHelper.swift */,
				858EBBB0200D91BE008ACD22 /* Info.plist */,
			);
			path = HotColdUITests;
			sourceTree = "<group>";
		};
/* End PBXGroup section */

/* Begin PBXNativeTarget section */
		7002A60D1A85C5EA00CD29BE /* HotCold */ = {
			isa = PBXNativeTarget;
			buildConfigurationList = 7002A62D1A85C5EA00CD29BE /* Build configuration list for PBXNativeTarget "HotCold" */;
			buildPhases = (
				7002A60A1A85C5EA00CD29BE /* Sources */,
				7002A60B1A85C5EA00CD29BE /* Frameworks */,
				7002A60C1A85C5EA00CD29BE /* Resources */,
				70B5BA2A1D938E8000122AD8 /* ShellScript */,
			);
			buildRules = (
			);
			dependencies = (
			);
			name = HotCold;
			productName = HotCold;
			productReference = 7002A60E1A85C5EA00CD29BE /* HotCold.app */;
			productType = "com.apple.product-type.application";
		};
		7002A6221A85C5EA00CD29BE /* HotColdTests */ = {
			isa = PBXNativeTarget;
			buildConfigurationList = 7002A6301A85C5EA00CD29BE /* Build configuration list for PBXNativeTarget "HotColdTests" */;
			buildPhases = (
				7002A61F1A85C5EA00CD29BE /* Sources */,
				7002A6201A85C5EA00CD29BE /* Frameworks */,
				7002A6211A85C5EA00CD29BE /* Resources */,
			);
			buildRules = (
			);
			dependencies = (
				7002A6251A85C5EA00CD29BE /* PBXTargetDependency */,
			);
			name = HotColdTests;
			productName = HotColdTests;
			productReference = 7002A6231A85C5EA00CD29BE /* HotColdTests.xctest */;
			productType = "com.apple.product-type.bundle.unit-test";
		};
		858EBBAB200D91BE008ACD22 /* HotColdUITests */ = {
			isa = PBXNativeTarget;
			buildConfigurationList = 858EBBB5200D91BE008ACD22 /* Build configuration list for PBXNativeTarget "HotColdUITests" */;
			buildPhases = (
				858EBBA8200D91BE008ACD22 /* Sources */,
				858EBBA9200D91BE008ACD22 /* Frameworks */,
				858EBBAA200D91BE008ACD22 /* Resources */,
			);
			buildRules = (
			);
			dependencies = (
				858EBBB2200D91BE008ACD22 /* PBXTargetDependency */,
			);
			name = HotColdUITests;
			productName = HotColdUITests;
			productReference = 858EBBAC200D91BE008ACD22 /* HotColdUITests.xctest */;
			productType = "com.apple.product-type.bundle.ui-testing";
		};
/* End PBXNativeTarget section */

/* Begin PBXProject section */
		7002A6061A85C5EA00CD29BE /* Project object */ = {
			isa = PBXProject;
			attributes = {
				LastSwiftUpdateCheck = 0920;
				LastUpgradeCheck = 0910;
				ORGANIZATIONNAME = "Jack Frysinger";
				TargetAttributes = {
					7002A60D1A85C5EA00CD29BE = {
						CreatedOnToolsVersion = 6.1.1;
						DevelopmentTeam = Q6ETBD25S7;
						LastSwiftMigration = 0910;
					};
					7002A6221A85C5EA00CD29BE = {
						CreatedOnToolsVersion = 6.1.1;
						DevelopmentTeam = Q6ETBD25S7;
						LastSwiftMigration = 0910;
						TestTargetID = 7002A60D1A85C5EA00CD29BE;
					};
					858EBBAB200D91BE008ACD22 = {
						CreatedOnToolsVersion = 9.2;
						DevelopmentTeam = Q6ETBD25S7;
						ProvisioningStyle = Automatic;
						TestTargetID = 7002A60D1A85C5EA00CD29BE;
					};
				};
			};
			buildConfigurationList = 7002A6091A85C5EA00CD29BE /* Build configuration list for PBXProject "HotCold" */;
			compatibilityVersion = "Xcode 3.2";
			developmentRegion = English;
			hasScannedForEncodings = 0;
			knownRegions = (
				en,
				Base,
			);
			mainGroup = 7002A6051A85C5EA00CD29BE;
			productRefGroup = 7002A60F1A85C5EA00CD29BE /* Products */;
			projectDirPath = "";
			projectRoot = "";
			targets = (
				7002A60D1A85C5EA00CD29BE /* HotCold */,
				7002A6221A85C5EA00CD29BE /* HotColdTests */,
				858EBBAB200D91BE008ACD22 /* HotColdUITests */,
			);
		};
/* End PBXProject section */

/* Begin PBXResourcesBuildPhase section */
		7002A60C1A85C5EA00CD29BE /* Resources */ = {
			isa = PBXResourcesBuildPhase;
			buildActionMask = 2147483647;
			files = (
				5635D1D01A866ECB00EC1871 /* .gitignore in Resources */,
				7002A6191A85C5EA00CD29BE /* Main.storyboard in Resources */,
				707EE92C1ACF8C51007CB4C9 /* bkg.png in Resources */,
				7002A61E1A85C5EA00CD29BE /* LaunchScreen.xib in Resources */,
				7002A61B1A85C5EA00CD29BE /* Images.xcassets in Resources */,
			);
			runOnlyForDeploymentPostprocessing = 0;
		};
		7002A6211A85C5EA00CD29BE /* Resources */ = {
			isa = PBXResourcesBuildPhase;
			buildActionMask = 2147483647;
			files = (
			);
			runOnlyForDeploymentPostprocessing = 0;
		};
		858EBBAA200D91BE008ACD22 /* Resources */ = {
			isa = PBXResourcesBuildPhase;
			buildActionMask = 2147483647;
			files = (
			);
			runOnlyForDeploymentPostprocessing = 0;
		};
/* End PBXResourcesBuildPhase section */

/* Begin PBXShellScriptBuildPhase section */
		70B5BA2A1D938E8000122AD8 /* ShellScript */ = {
			isa = PBXShellScriptBuildPhase;
			buildActionMask = 2147483647;
			files = (
			);
			inputPaths = (
				"$(SRCROOT)/Carthage/Build/iOS/SwiftyBeaver.framework",
			);
			outputPaths = (
			);
			runOnlyForDeploymentPostprocessing = 0;
			shellPath = /bin/sh;
			shellScript = "/usr/local/bin/carthage copy-frameworks";
		};
/* End PBXShellScriptBuildPhase section */

/* Begin PBXSourcesBuildPhase section */
		7002A60A1A85C5EA00CD29BE /* Sources */ = {
			isa = PBXSourcesBuildPhase;
			buildActionMask = 2147483647;
			files = (
				631AAB321A85CE81007EEA09 /* ColorViewController.swift in Sources */,
				7014A7E51A869EAB0039A435 /* SharedLocation.swift in Sources */,
				7002A6141A85C5EA00CD29BE /* AppDelegate.swift in Sources */,
				70A34A251A86865F00559232 /* MainViewController.swift in Sources */,
				704FA1341DD4412A00FB4CDB /* HotColdModel.swift in Sources */,
			);
			runOnlyForDeploymentPostprocessing = 0;
		};
		7002A61F1A85C5EA00CD29BE /* Sources */ = {
			isa = PBXSourcesBuildPhase;
			buildActionMask = 2147483647;
			files = (
				7002A62A1A85C5EA00CD29BE /* HotColdTests.swift in Sources */,
			);
			runOnlyForDeploymentPostprocessing = 0;
		};
		858EBBA8200D91BE008ACD22 /* Sources */ = {
			isa = PBXSourcesBuildPhase;
			buildActionMask = 2147483647;
			files = (
				858EBBAF200D91BE008ACD22 /* HotColdUITests.swift in Sources */,
				858EBBB7200D93DC008ACD22 /* SnapshotHelper.swift in Sources */,
			);
			runOnlyForDeploymentPostprocessing = 0;
		};
/* End PBXSourcesBuildPhase section */

/* Begin PBXTargetDependency section */
		7002A6251A85C5EA00CD29BE /* PBXTargetDependency */ = {
			isa = PBXTargetDependency;
			target = 7002A60D1A85C5EA00CD29BE /* HotCold */;
			targetProxy = 7002A6241A85C5EA00CD29BE /* PBXContainerItemProxy */;
		};
		858EBBB2200D91BE008ACD22 /* PBXTargetDependency */ = {
			isa = PBXTargetDependency;
			target = 7002A60D1A85C5EA00CD29BE /* HotCold */;
			targetProxy = 858EBBB1200D91BE008ACD22 /* PBXContainerItemProxy */;
		};
/* End PBXTargetDependency section */

/* Begin PBXVariantGroup section */
		7002A6171A85C5EA00CD29BE /* Main.storyboard */ = {
			isa = PBXVariantGroup;
			children = (
				7002A6181A85C5EA00CD29BE /* Base */,
			);
			name = Main.storyboard;
			sourceTree = "<group>";
		};
		7002A61C1A85C5EA00CD29BE /* LaunchScreen.xib */ = {
			isa = PBXVariantGroup;
			children = (
				7002A61D1A85C5EA00CD29BE /* Base */,
			);
			name = LaunchScreen.xib;
			sourceTree = "<group>";
		};
/* End PBXVariantGroup section */

/* Begin XCBuildConfiguration section */
		7002A62B1A85C5EA00CD29BE /* Debug */ = {
			isa = XCBuildConfiguration;
			buildSettings = {
				ALWAYS_SEARCH_USER_PATHS = NO;
				CLANG_CXX_LANGUAGE_STANDARD = "gnu++0x";
				CLANG_CXX_LIBRARY = "libc++";
				CLANG_ENABLE_MODULES = YES;
				CLANG_ENABLE_OBJC_ARC = YES;
				CLANG_WARN_BLOCK_CAPTURE_AUTORELEASING = YES;
				CLANG_WARN_BOOL_CONVERSION = YES;
				CLANG_WARN_COMMA = YES;
				CLANG_WARN_CONSTANT_CONVERSION = YES;
				CLANG_WARN_DIRECT_OBJC_ISA_USAGE = YES_ERROR;
				CLANG_WARN_EMPTY_BODY = YES;
				CLANG_WARN_ENUM_CONVERSION = YES;
				CLANG_WARN_INFINITE_RECURSION = YES;
				CLANG_WARN_INT_CONVERSION = YES;
				CLANG_WARN_NON_LITERAL_NULL_CONVERSION = YES;
				CLANG_WARN_OBJC_LITERAL_CONVERSION = YES;
				CLANG_WARN_OBJC_ROOT_CLASS = YES_ERROR;
				CLANG_WARN_RANGE_LOOP_ANALYSIS = YES;
				CLANG_WARN_STRICT_PROTOTYPES = YES;
				CLANG_WARN_SUSPICIOUS_MOVE = YES;
				CLANG_WARN_UNREACHABLE_CODE = YES;
				CLANG_WARN__DUPLICATE_METHOD_MATCH = YES;
				"CODE_SIGN_IDENTITY[sdk=iphoneos*]" = "iPhone Developer";
				COPY_PHASE_STRIP = NO;
				ENABLE_STRICT_OBJC_MSGSEND = YES;
				ENABLE_TESTABILITY = YES;
				GCC_C_LANGUAGE_STANDARD = gnu99;
				GCC_DYNAMIC_NO_PIC = NO;
				GCC_NO_COMMON_BLOCKS = YES;
				GCC_OPTIMIZATION_LEVEL = 0;
				GCC_PREPROCESSOR_DEFINITIONS = (
					"DEBUG=1",
					"$(inherited)",
				);
				GCC_SYMBOLS_PRIVATE_EXTERN = NO;
				GCC_WARN_64_TO_32_BIT_CONVERSION = YES;
				GCC_WARN_ABOUT_RETURN_TYPE = YES_ERROR;
				GCC_WARN_UNDECLARED_SELECTOR = YES;
				GCC_WARN_UNINITIALIZED_AUTOS = YES_AGGRESSIVE;
				GCC_WARN_UNUSED_FUNCTION = YES;
				GCC_WARN_UNUSED_VARIABLE = YES;
				IPHONEOS_DEPLOYMENT_TARGET = 10.0;
				MTL_ENABLE_DEBUG_INFO = YES;
				ONLY_ACTIVE_ARCH = YES;
				SDKROOT = iphoneos;
				SWIFT_OPTIMIZATION_LEVEL = "-Onone";
				SWIFT_SWIFT3_OBJC_INFERENCE = Default;
			};
			name = Debug;
		};
		7002A62C1A85C5EA00CD29BE /* Release */ = {
			isa = XCBuildConfiguration;
			buildSettings = {
				ALWAYS_SEARCH_USER_PATHS = NO;
				CLANG_CXX_LANGUAGE_STANDARD = "gnu++0x";
				CLANG_CXX_LIBRARY = "libc++";
				CLANG_ENABLE_MODULES = YES;
				CLANG_ENABLE_OBJC_ARC = YES;
				CLANG_WARN_BLOCK_CAPTURE_AUTORELEASING = YES;
				CLANG_WARN_BOOL_CONVERSION = YES;
				CLANG_WARN_COMMA = YES;
				CLANG_WARN_CONSTANT_CONVERSION = YES;
				CLANG_WARN_DIRECT_OBJC_ISA_USAGE = YES_ERROR;
				CLANG_WARN_EMPTY_BODY = YES;
				CLANG_WARN_ENUM_CONVERSION = YES;
				CLANG_WARN_INFINITE_RECURSION = YES;
				CLANG_WARN_INT_CONVERSION = YES;
				CLANG_WARN_NON_LITERAL_NULL_CONVERSION = YES;
				CLANG_WARN_OBJC_LITERAL_CONVERSION = YES;
				CLANG_WARN_OBJC_ROOT_CLASS = YES_ERROR;
				CLANG_WARN_RANGE_LOOP_ANALYSIS = YES;
				CLANG_WARN_STRICT_PROTOTYPES = YES;
				CLANG_WARN_SUSPICIOUS_MOVE = YES;
				CLANG_WARN_UNREACHABLE_CODE = YES;
				CLANG_WARN__DUPLICATE_METHOD_MATCH = YES;
				"CODE_SIGN_IDENTITY[sdk=iphoneos*]" = "iPhone Developer";
				COPY_PHASE_STRIP = YES;
				ENABLE_NS_ASSERTIONS = NO;
				ENABLE_STRICT_OBJC_MSGSEND = YES;
				GCC_C_LANGUAGE_STANDARD = gnu99;
				GCC_NO_COMMON_BLOCKS = YES;
				GCC_WARN_64_TO_32_BIT_CONVERSION = YES;
				GCC_WARN_ABOUT_RETURN_TYPE = YES_ERROR;
				GCC_WARN_UNDECLARED_SELECTOR = YES;
				GCC_WARN_UNINITIALIZED_AUTOS = YES_AGGRESSIVE;
				GCC_WARN_UNUSED_FUNCTION = YES;
				GCC_WARN_UNUSED_VARIABLE = YES;
				IPHONEOS_DEPLOYMENT_TARGET = 10.0;
				MTL_ENABLE_DEBUG_INFO = NO;
				SDKROOT = iphoneos;
				SWIFT_OPTIMIZATION_LEVEL = "-Owholemodule";
				SWIFT_SWIFT3_OBJC_INFERENCE = Default;
				VALIDATE_PRODUCT = YES;
			};
			name = Release;
		};
		7002A62E1A85C5EA00CD29BE /* Debug */ = {
			isa = XCBuildConfiguration;
			buildSettings = {
				ASSETCATALOG_COMPILER_APPICON_NAME = AppIcon;
				FRAMEWORK_SEARCH_PATHS = (
					"$(inherited)",
					"$(PROJECT_DIR)/Carthage/Build/iOS",
				);
				INFOPLIST_FILE = HotCold/Info.plist;
				IPHONEOS_DEPLOYMENT_TARGET = 10.0;
				LD_RUNPATH_SEARCH_PATHS = "$(inherited) @executable_path/Frameworks";
				PRODUCT_BUNDLE_IDENTIFIER = com.jackfrysinger.HotCold;
				PRODUCT_NAME = "$(TARGET_NAME)";
				SWIFT_SWIFT3_OBJC_INFERENCE = Default;
				SWIFT_VERSION = 4.0;
				TARGETED_DEVICE_FAMILY = 1;
			};
			name = Debug;
		};
		7002A62F1A85C5EA00CD29BE /* Release */ = {
			isa = XCBuildConfiguration;
			buildSettings = {
				ASSETCATALOG_COMPILER_APPICON_NAME = AppIcon;
				FRAMEWORK_SEARCH_PATHS = (
					"$(inherited)",
					"$(PROJECT_DIR)/Carthage/Build/iOS",
				);
				INFOPLIST_FILE = HotCold/Info.plist;
				IPHONEOS_DEPLOYMENT_TARGET = 10.0;
				LD_RUNPATH_SEARCH_PATHS = "$(inherited) @executable_path/Frameworks";
				PRODUCT_BUNDLE_IDENTIFIER = com.jackfrysinger.HotCold;
				PRODUCT_NAME = "$(TARGET_NAME)";
				SWIFT_SWIFT3_OBJC_INFERENCE = Default;
				SWIFT_VERSION = 4.0;
				TARGETED_DEVICE_FAMILY = 1;
			};
			name = Release;
		};
		7002A6311A85C5EA00CD29BE /* Debug */ = {
			isa = XCBuildConfiguration;
			buildSettings = {
				BUNDLE_LOADER = "$(TEST_HOST)";
				DEVELOPMENT_TEAM = Q6ETBD25S7;
				GCC_PREPROCESSOR_DEFINITIONS = (
					"DEBUG=1",
					"$(inherited)",
				);
				INFOPLIST_FILE = HotColdTests/Info.plist;
				LD_RUNPATH_SEARCH_PATHS = "$(inherited) @executable_path/Frameworks @loader_path/Frameworks";
				PRODUCT_BUNDLE_IDENTIFIER = "com.jackfrysinger.$(PRODUCT_NAME:rfc1034identifier)";
				PRODUCT_NAME = "$(TARGET_NAME)";
				SWIFT_SWIFT3_OBJC_INFERENCE = Default;
				SWIFT_VERSION = 4.0;
				TEST_HOST = "$(BUILT_PRODUCTS_DIR)/HotCold.app/HotCold";
			};
			name = Debug;
		};
		7002A6321A85C5EA00CD29BE /* Release */ = {
			isa = XCBuildConfiguration;
			buildSettings = {
				BUNDLE_LOADER = "$(TEST_HOST)";
				DEVELOPMENT_TEAM = Q6ETBD25S7;
				INFOPLIST_FILE = HotColdTests/Info.plist;
				LD_RUNPATH_SEARCH_PATHS = "$(inherited) @executable_path/Frameworks @loader_path/Frameworks";
				PRODUCT_BUNDLE_IDENTIFIER = "com.jackfrysinger.$(PRODUCT_NAME:rfc1034identifier)";
				PRODUCT_NAME = "$(TARGET_NAME)";
				SWIFT_SWIFT3_OBJC_INFERENCE = Default;
				SWIFT_VERSION = 4.0;
				TEST_HOST = "$(BUILT_PRODUCTS_DIR)/HotCold.app/HotCold";
			};
			name = Release;
		};
		858EBBB3200D91BE008ACD22 /* Debug */ = {
			isa = XCBuildConfiguration;
			buildSettings = {
				CLANG_ANALYZER_NONNULL = YES;
				CLANG_ANALYZER_NUMBER_OBJECT_CONVERSION = YES_AGGRESSIVE;
				CLANG_CXX_LANGUAGE_STANDARD = "gnu++14";
				CLANG_WARN_DOCUMENTATION_COMMENTS = YES;
				CLANG_WARN_UNGUARDED_AVAILABILITY = YES_AGGRESSIVE;
				CODE_SIGN_IDENTITY = "iPhone Developer";
				CODE_SIGN_STYLE = Automatic;
				DEBUG_INFORMATION_FORMAT = dwarf;
				DEVELOPMENT_TEAM = Q6ETBD25S7;
				GCC_C_LANGUAGE_STANDARD = gnu11;
				INFOPLIST_FILE = HotColdUITests/Info.plist;
				IPHONEOS_DEPLOYMENT_TARGET = 11.2;
				LD_RUNPATH_SEARCH_PATHS = "$(inherited) @executable_path/Frameworks @loader_path/Frameworks";
				PRODUCT_BUNDLE_IDENTIFIER = com.jackfrysinger.HotColdUITests;
				PRODUCT_NAME = "$(TARGET_NAME)";
				SWIFT_ACTIVE_COMPILATION_CONDITIONS = DEBUG;
				SWIFT_VERSION = 4.0;
				TARGETED_DEVICE_FAMILY = "1,2";
				TEST_TARGET_NAME = HotCold;
			};
			name = Debug;
		};
		858EBBB4200D91BE008ACD22 /* Release */ = {
			isa = XCBuildConfiguration;
			buildSettings = {
				CLANG_ANALYZER_NONNULL = YES;
				CLANG_ANALYZER_NUMBER_OBJECT_CONVERSION = YES_AGGRESSIVE;
				CLANG_CXX_LANGUAGE_STANDARD = "gnu++14";
				CLANG_WARN_DOCUMENTATION_COMMENTS = YES;
				CLANG_WARN_UNGUARDED_AVAILABILITY = YES_AGGRESSIVE;
				CODE_SIGN_IDENTITY = "iPhone Developer";
				CODE_SIGN_STYLE = Automatic;
				COPY_PHASE_STRIP = NO;
				DEBUG_INFORMATION_FORMAT = "dwarf-with-dsym";
				DEVELOPMENT_TEAM = Q6ETBD25S7;
				GCC_C_LANGUAGE_STANDARD = gnu11;
				INFOPLIST_FILE = HotColdUITests/Info.plist;
				IPHONEOS_DEPLOYMENT_TARGET = 11.2;
				LD_RUNPATH_SEARCH_PATHS = "$(inherited) @executable_path/Frameworks @loader_path/Frameworks";
				PRODUCT_BUNDLE_IDENTIFIER = com.jackfrysinger.HotColdUITests;
				PRODUCT_NAME = "$(TARGET_NAME)";
				SWIFT_VERSION = 4.0;
				TARGETED_DEVICE_FAMILY = "1,2";
				TEST_TARGET_NAME = HotCold;
			};
			name = Release;
		};
/* End XCBuildConfiguration section */

/* Begin XCConfigurationList section */
		7002A6091A85C5EA00CD29BE /* Build configuration list for PBXProject "HotCold" */ = {
			isa = XCConfigurationList;
			buildConfigurations = (
				7002A62B1A85C5EA00CD29BE /* Debug */,
				7002A62C1A85C5EA00CD29BE /* Release */,
			);
			defaultConfigurationIsVisible = 0;
			defaultConfigurationName = Release;
		};
		7002A62D1A85C5EA00CD29BE /* Build configuration list for PBXNativeTarget "HotCold" */ = {
			isa = XCConfigurationList;
			buildConfigurations = (
				7002A62E1A85C5EA00CD29BE /* Debug */,
				7002A62F1A85C5EA00CD29BE /* Release */,
			);
			defaultConfigurationIsVisible = 0;
			defaultConfigurationName = Release;
		};
		7002A6301A85C5EA00CD29BE /* Build configuration list for PBXNativeTarget "HotColdTests" */ = {
			isa = XCConfigurationList;
			buildConfigurations = (
				7002A6311A85C5EA00CD29BE /* Debug */,
				7002A6321A85C5EA00CD29BE /* Release */,
			);
			defaultConfigurationIsVisible = 0;
			defaultConfigurationName = Release;
		};
		858EBBB5200D91BE008ACD22 /* Build configuration list for PBXNativeTarget "HotColdUITests" */ = {
			isa = XCConfigurationList;
			buildConfigurations = (
				858EBBB3200D91BE008ACD22 /* Debug */,
				858EBBB4200D91BE008ACD22 /* Release */,
			);
			defaultConfigurationIsVisible = 0;
			defaultConfigurationName = Release;
		};
/* End XCConfigurationList section */
	};
	rootObject = 7002A6061A85C5EA00CD29BE /* Project object */;
}
